
Microsoft Visual Studio Solution File, Format Version 12.00
# Visual Studio Version 16
VisualStudioVersion = 16.0.30503.244
MinimumVisualStudioVersion = 10.0.40219.1
Project("{2150E333-8FDC-42A3-9474-1A3956D46DE8}") = "CleanArchitecture.Application", "CleanArchitecture.Application", "{36350408-4245-49D4-838E-44AF56856CBA}"
EndProject
Project("{2150E333-8FDC-42A3-9474-1A3956D46DE8}") = "CleanArchitecture.Domain", "CleanArchitecture.Domain", "{69AB703A-44A8-45F3-8729-AFBC4D10D55A}"
EndProject
Project("{2150E333-8FDC-42A3-9474-1A3956D46DE8}") = "CleanArchitecture.Infrastructure.Data", "CleanArchitecture.Infrastructure.Data", "{EE678AB0-2C44-4A32-9A67-D099C83BB39F}"
EndProject
Project("{2150E333-8FDC-42A3-9474-1A3956D46DE8}") = "CleanArchitecture.Infrastructure.IoC", "CleanArchitecture.Infrastructure.IoC", "{6E1CDBF5-E469-4E85-848D-58EAF1FE4558}"
EndProject
Project("{2150E333-8FDC-42A3-9474-1A3956D46DE8}") = "CleanArchitecture.UI.MVC", "CleanArchitecture.UI.MVC", "{295F2E26-A82E-4F02-BE65-F20E8FCD3AC5}"
EndProject
Project("{FAE04EC0-301F-11D3-BF4B-00C04F79EFBC}") = "CleanArchitecture.MVC", "CleanArchitecture.MVC\CleanArchitecture.MVC.csproj", "{9A235C10-041C-413F-AF23-546FAEAA4767}"
EndProject
Project("{FAE04EC0-301F-11D3-BF4B-00C04F79EFBC}") = "CleanArchitecture.Domain", "ClassLibrary1\CleanArchitecture.Domain.csproj", "{8ED0CDBB-08FF-4E9B-A885-2DE57CBDA847}"
EndProject
Project("{FAE04EC0-301F-11D3-BF4B-00C04F79EFBC}") = "CleanArchitecture.Infra.Data", "CleanArchitecture.Infra.Data\CleanArchitecture.Infra.Data.csproj", "{C3694C5B-2DFA-4255-A23C-668C321FCF57}"
EndProject
Project("{FAE04EC0-301F-11D3-BF4B-00C04F79EFBC}") = "CleanArchitecture.App", "CleanArchitecture.App\CleanArchitecture.App.csproj", "{6D54880C-271B-47C6-A16D-5585D9EBC47F}"
EndProject
Project("{FAE04EC0-301F-11D3-BF4B-00C04F79EFBC}") = "CleanArchitecture.Infra.IoC", "CleanArchitecture.Infra.IoC\CleanArchitecture.Infra.IoC.csproj", "{947F409E-8B78-4EBB-9EF7-58DA7F1E3586}"
EndProject
Global
	GlobalSection(SolutionConfigurationPlatforms) = preSolution
		Debug|Any CPU = Debug|Any CPU
		Release|Any CPU = Release|Any CPU
	EndGlobalSection
	GlobalSection(ProjectConfigurationPlatforms) = postSolution
		{9A235C10-041C-413F-AF23-546FAEAA4767}.Debug|Any CPU.ActiveCfg = Debug|Any CPU
		{9A235C10-041C-413F-AF23-546FAEAA4767}.Debug|Any CPU.Build.0 = Debug|Any CPU
		{9A235C10-041C-413F-AF23-546FAEAA4767}.Release|Any CPU.ActiveCfg = Release|Any CPU
		{9A235C10-041C-413F-AF23-546FAEAA4767}.Release|Any CPU.Build.0 = Release|Any CPU
		{8ED0CDBB-08FF-4E9B-A885-2DE57CBDA847}.Debug|Any CPU.ActiveCfg = Debug|Any CPU
		{8ED0CDBB-08FF-4E9B-A885-2DE57CBDA847}.Debug|Any CPU.Build.0 = Debug|Any CPU
		{8ED0CDBB-08FF-4E9B-A885-2DE57CBDA847}.Release|Any CPU.ActiveCfg = Release|Any CPU
		{8ED0CDBB-08FF-4E9B-A885-2DE57CBDA847}.Release|Any CPU.Build.0 = Release|Any CPU
		{C3694C5B-2DFA-4255-A23C-668C321FCF57}.Debug|Any CPU.ActiveCfg = Debug|Any CPU
		{C3694C5B-2DFA-4255-A23C-668C321FCF57}.Debug|Any CPU.Build.0 = Debug|Any CPU
		{C3694C5B-2DFA-4255-A23C-668C321FCF57}.Release|Any CPU.ActiveCfg = Release|Any CPU
		{C3694C5B-2DFA-4255-A23C-668C321FCF57}.Release|Any CPU.Build.0 = Release|Any CPU
		{6D54880C-271B-47C6-A16D-5585D9EBC47F}.Debug|Any CPU.ActiveCfg = Debug|Any CPU
		{6D54880C-271B-47C6-A16D-5585D9EBC47F}.Debug|Any CPU.Build.0 = Debug|Any CPU
		{6D54880C-271B-47C6-A16D-5585D9EBC47F}.Release|Any CPU.ActiveCfg = Release|Any CPU
		{6D54880C-271B-47C6-A16D-5585D9EBC47F}.Release|Any CPU.Build.0 = Release|Any CPU
		{947F409E-8B78-4EBB-9EF7-58DA7F1E3586}.Debug|Any CPU.ActiveCfg = Debug|Any CPU
		{947F409E-8B78-4EBB-9EF7-58DA7F1E3586}.Debug|Any CPU.Build.0 = Debug|Any CPU
		{947F409E-8B78-4EBB-9EF7-58DA7F1E3586}.Release|Any CPU.ActiveCfg = Release|Any CPU
		{947F409E-8B78-4EBB-9EF7-58DA7F1E3586}.Release|Any CPU.Build.0 = Release|Any CPU
	EndGlobalSection
	GlobalSection(SolutionProperties) = preSolution
		HideSolutionNode = FALSE
	EndGlobalSection
	GlobalSection(NestedProjects) = preSolution
		{9A235C10-041C-413F-AF23-546FAEAA4767} = {295F2E26-A82E-4F02-BE65-F20E8FCD3AC5}
		{8ED0CDBB-08FF-4E9B-A885-2DE57CBDA847} = {69AB703A-44A8-45F3-8729-AFBC4D10D55A}
		{C3694C5B-2DFA-4255-A23C-668C321FCF57} = {EE678AB0-2C44-4A32-9A67-D099C83BB39F}
		{6D54880C-271B-47C6-A16D-5585D9EBC47F} = {36350408-4245-49D4-838E-44AF56856CBA}
		{947F409E-8B78-4EBB-9EF7-58DA7F1E3586} = {6E1CDBF5-E469-4E85-848D-58EAF1FE4558}
	EndGlobalSection
	GlobalSection(ExtensibilityGlobals) = postSolution
		SolutionGuid = {3FEAEE93-6F7A-4F3E-9500-DBE1C137E645}
	EndGlobalSection
EndGlobal
